
Microsoft Visual Studio Solution File, Format Version 12.00
# Visual Studio Version 16
VisualStudioVersion = 16.0.30011.22
MinimumVisualStudioVersion = 10.0.40219.1
Project("{FAE04EC0-301F-11D3-BF4B-00C04F79EFBC}") = "OOP_lab_3_19_2", "OOP_lab_3_19_2\OOP_lab_3_19_2.csproj", "{055768C3-C9D3-49CF-B716-28A03FA79602}"
EndProject
Project("{2150E333-8FDC-42A3-9474-1A3956D46DE8}") = "Solution Items", "Solution Items", "{28AA12ED-6237-4506-B976-7B0A2146658B}"
	ProjectSection(SolutionItems) = preProject
		.travis.yml = .travis.yml
	EndProjectSection
EndProject
Global
	GlobalSection(SolutionConfigurationPlatforms) = preSolution
		Debug|Any CPU = Debug|Any CPU
		Release|Any CPU = Release|Any CPU
	EndGlobalSection
	GlobalSection(ProjectConfigurationPlatforms) = postSolution
		{055768C3-C9D3-49CF-B716-28A03FA79602}.Debug|Any CPU.ActiveCfg = Debug|Any CPU
		{055768C3-C9D3-49CF-B716-28A03FA79602}.Debug|Any CPU.Build.0 = Debug|Any CPU
		{055768C3-C9D3-49CF-B716-28A03FA79602}.Release|Any CPU.ActiveCfg = Release|Any CPU
		{055768C3-C9D3-49CF-B716-28A03FA79602}.Release|Any CPU.Build.0 = Release|Any CPU
	EndGlobalSection
	GlobalSection(SolutionProperties) = preSolution
		HideSolutionNode = FALSE
	EndGlobalSection
	GlobalSection(ExtensibilityGlobals) = postSolution
		SolutionGuid = {8707FCFF-5E93-41DA-9CCC-176A82E31E16}
	EndGlobalSection
EndGlobal
